
Microsoft Visual Studio Solution File, Format Version 12.00
# Visual Studio Version 17
VisualStudioVersion = 17.14.36310.24
MinimumVisualStudioVersion = 10.0.40219.1
Project("{FAE04EC0-301F-11D3-BF4B-00C04F79EFBC}") = "SchoolApp.WebMvc.DbFirst", "SchoolApp.WebMvc.DbFirst\SchoolApp.WebMvc.DbFirst.csproj", "{804CA3AB-511B-1CB6-A181-7023D3BDE093}"
EndProject
Project("{FAE04EC0-301F-11D3-BF4B-00C04F79EFBC}") = "SchoolApp.WebMvc.ModelFirst", "SchoolApp.WebMvc.ModelFirst\SchoolApp.WebMvc.ModelFirst.csproj", "{EF23541F-4AFF-F79D-7EEE-3FDE51AD31C0}"
EndProject
Project("{FAE04EC0-301F-11D3-BF4B-00C04F79EFBC}") = "SchoolApp.Shared", "SchoolApp.Shared\SchoolApp.Shared.csproj", "{BD8B86BB-8FC7-40B7-8629-9A6256BB3EBF}"
EndProject
Project("{FAE04EC0-301F-11D3-BF4B-00C04F79EFBC}") = "SchoolApp", "SchoolApp\SchoolApp.csproj", "{50F5E827-A18F-418F-826B-6EA078ACC152}"
EndProject
Global
	GlobalSection(SolutionConfigurationPlatforms) = preSolution
		Debug|Any CPU = Debug|Any CPU
		Release|Any CPU = Release|Any CPU
	EndGlobalSection
	GlobalSection(ProjectConfigurationPlatforms) = postSolution
		{804CA3AB-511B-1CB6-A181-7023D3BDE093}.Debug|Any CPU.ActiveCfg = Debug|Any CPU
		{804CA3AB-511B-1CB6-A181-7023D3BDE093}.Debug|Any CPU.Build.0 = Debug|Any CPU
		{804CA3AB-511B-1CB6-A181-7023D3BDE093}.Release|Any CPU.ActiveCfg = Release|Any CPU
		{804CA3AB-511B-1CB6-A181-7023D3BDE093}.Release|Any CPU.Build.0 = Release|Any CPU
		{EF23541F-4AFF-F79D-7EEE-3FDE51AD31C0}.Debug|Any CPU.ActiveCfg = Debug|Any CPU
		{EF23541F-4AFF-F79D-7EEE-3FDE51AD31C0}.Debug|Any CPU.Build.0 = Debug|Any CPU
		{EF23541F-4AFF-F79D-7EEE-3FDE51AD31C0}.Release|Any CPU.ActiveCfg = Release|Any CPU
		{EF23541F-4AFF-F79D-7EEE-3FDE51AD31C0}.Release|Any CPU.Build.0 = Release|Any CPU
		{BD8B86BB-8FC7-40B7-8629-9A6256BB3EBF}.Debug|Any CPU.ActiveCfg = Debug|Any CPU
		{BD8B86BB-8FC7-40B7-8629-9A6256BB3EBF}.Debug|Any CPU.Build.0 = Debug|Any CPU
		{BD8B86BB-8FC7-40B7-8629-9A6256BB3EBF}.Release|Any CPU.ActiveCfg = Release|Any CPU
		{BD8B86BB-8FC7-40B7-8629-9A6256BB3EBF}.Release|Any CPU.Build.0 = Release|Any CPU
		{50F5E827-A18F-418F-826B-6EA078ACC152}.Debug|Any CPU.ActiveCfg = Debug|Any CPU
		{50F5E827-A18F-418F-826B-6EA078ACC152}.Debug|Any CPU.Build.0 = Debug|Any CPU
		{50F5E827-A18F-418F-826B-6EA078ACC152}.Release|Any CPU.ActiveCfg = Release|Any CPU
		{50F5E827-A18F-418F-826B-6EA078ACC152}.Release|Any CPU.Build.0 = Release|Any CPU
	EndGlobalSection
	GlobalSection(SolutionProperties) = preSolution
		HideSolutionNode = FALSE
	EndGlobalSection
	GlobalSection(ExtensibilityGlobals) = postSolution
		SolutionGuid = {FFA1E607-CE24-411E-94A4-DB8B9BD8F733}
	EndGlobalSection
EndGlobal
